
Microsoft Visual Studio Solution File, Format Version 12.00
# Visual Studio Version 16
VisualStudioVersion = 16.0.30011.22
MinimumVisualStudioVersion = 10.0.40219.1
Project("{FAE04EC0-301F-11D3-BF4B-00C04F79EFBC}") = "MiAPO_Lab3", "MiAPO_Lab3\MiAPO_Lab3.csproj", "{F6539E0A-BF5B-480D-99E5-0DA618C440AE}"
EndProject
Global
	GlobalSection(SolutionConfigurationPlatforms) = preSolution
		Debug|Any CPU = Debug|Any CPU
		Release|Any CPU = Release|Any CPU
	EndGlobalSection
	GlobalSection(ProjectConfigurationPlatforms) = postSolution
		{F6539E0A-BF5B-480D-99E5-0DA618C440AE}.Debug|Any CPU.ActiveCfg = Debug|Any CPU
		{F6539E0A-BF5B-480D-99E5-0DA618C440AE}.Debug|Any CPU.Build.0 = Debug|Any CPU
		{F6539E0A-BF5B-480D-99E5-0DA618C440AE}.Release|Any CPU.ActiveCfg = Release|Any CPU
		{F6539E0A-BF5B-480D-99E5-0DA618C440AE}.Release|Any CPU.Build.0 = Release|Any CPU
	EndGlobalSection
	GlobalSection(SolutionProperties) = preSolution
		HideSolutionNode = FALSE
	EndGlobalSection
	GlobalSection(ExtensibilityGlobals) = postSolution
		SolutionGuid = {644CD858-9203-4195-850D-604FA5F228B7}
	EndGlobalSection
EndGlobal
